
Microsoft Visual Studio Solution File, Format Version 12.00
# Visual Studio Version 17
VisualStudioVersion = 17.4.33213.308
MinimumVisualStudioVersion = 10.0.40219.1
Project("{FAE04EC0-301F-11D3-BF4B-00C04F79EFBC}") = "ModelDopravnihoSystemu", "ModelDopravnihoSystemu\ModelDopravnihoSystemu.csproj", "{96D85FEE-4B81-413A-97E8-F2FFB879C60C}"
EndProject
Global
	GlobalSection(SolutionConfigurationPlatforms) = preSolution
		Debug|Any CPU = Debug|Any CPU
		Release|Any CPU = Release|Any CPU
	EndGlobalSection
	GlobalSection(ProjectConfigurationPlatforms) = postSolution
		{96D85FEE-4B81-413A-97E8-F2FFB879C60C}.Debug|Any CPU.ActiveCfg = Debug|Any CPU
		{96D85FEE-4B81-413A-97E8-F2FFB879C60C}.Debug|Any CPU.Build.0 = Debug|Any CPU
		{96D85FEE-4B81-413A-97E8-F2FFB879C60C}.Release|Any CPU.ActiveCfg = Release|Any CPU
		{96D85FEE-4B81-413A-97E8-F2FFB879C60C}.Release|Any CPU.Build.0 = Release|Any CPU
	EndGlobalSection
	GlobalSection(SolutionProperties) = preSolution
		HideSolutionNode = FALSE
	EndGlobalSection
	GlobalSection(ExtensibilityGlobals) = postSolution
		SolutionGuid = {2EBB3F43-7F13-4C6E-96B0-2FED4D491FA0}
	EndGlobalSection
EndGlobal
